
Microsoft Visual Studio Solution File, Format Version 12.00
Project("{FAE04EC0-301F-11D3-BF4B-00C04F79EFBC}") = "ManhwaTrackerApplicationServer", "src\ManhwaTrackerApplicationServer\ManhwaTrackerApplicationServer.csproj", "{DF4FCA3C-18AC-4B50-86C4-2AFAC31CCF56}"
EndProject
Project("{FAE04EC0-301F-11D3-BF4B-00C04F79EFBC}") = "UnitTests", "UnitTests\UnitTests.csproj", "{F332B40B-BE79-448A-8DCE-9CB48417D2B8}"
EndProject
Global
	GlobalSection(SolutionConfigurationPlatforms) = preSolution
		Debug|Any CPU = Debug|Any CPU
		Release|Any CPU = Release|Any CPU
	EndGlobalSection
	GlobalSection(ProjectConfigurationPlatforms) = postSolution
		{DF4FCA3C-18AC-4B50-86C4-2AFAC31CCF56}.Debug|Any CPU.ActiveCfg = Debug|Any CPU
		{DF4FCA3C-18AC-4B50-86C4-2AFAC31CCF56}.Debug|Any CPU.Build.0 = Debug|Any CPU
		{DF4FCA3C-18AC-4B50-86C4-2AFAC31CCF56}.Release|Any CPU.ActiveCfg = Release|Any CPU
		{DF4FCA3C-18AC-4B50-86C4-2AFAC31CCF56}.Release|Any CPU.Build.0 = Release|Any CPU
		{F332B40B-BE79-448A-8DCE-9CB48417D2B8}.Debug|Any CPU.ActiveCfg = Debug|Any CPU
		{F332B40B-BE79-448A-8DCE-9CB48417D2B8}.Debug|Any CPU.Build.0 = Debug|Any CPU
		{F332B40B-BE79-448A-8DCE-9CB48417D2B8}.Release|Any CPU.ActiveCfg = Release|Any CPU
		{F332B40B-BE79-448A-8DCE-9CB48417D2B8}.Release|Any CPU.Build.0 = Release|Any CPU
	EndGlobalSection
EndGlobal
